
Microsoft Visual Studio Solution File, Format Version 12.00
# Visual Studio 14
VisualStudioVersion = 14.0.22013.1
MinimumVisualStudioVersion = 10.0.40219.1
Project("{FAE04EC0-301F-11D3-BF4B-00C04F79EFBC}") = "Arbel.Roslyn.ConfigureAwaitChecker", "Arbel.Roslyn.ConfigureAwaitChecker\Arbel.Roslyn.ConfigureAwaitChecker.csproj", "{38730538-F7B8-4352-8358-BE3ED0CAC4BB}"
EndProject
Project("{2150E333-8FDC-42A3-9474-1A3956D46DE8}") = ".nuget", ".nuget", "{56BB9E5F-1A9D-4FDD-A81E-E74FA920C859}"
	ProjectSection(SolutionItems) = preProject
		.nuget\packages.config = .nuget\packages.config
	EndProjectSection
EndProject
Project("{FAE04EC0-301F-11D3-BF4B-00C04F79EFBC}") = "Arbel.Roslyn.ConfigureAwaitChecker.Test", "Arbel.Roslyn.ConfigureAwaitChecker.Test\Arbel.Roslyn.ConfigureAwaitChecker.Test.csproj", "{DE8E9AAA-7A03-4BAB-A322-E4204689C39A}"
EndProject
Global
	GlobalSection(SolutionConfigurationPlatforms) = preSolution
		Debug|Any CPU = Debug|Any CPU
		Release|Any CPU = Release|Any CPU
	EndGlobalSection
	GlobalSection(ProjectConfigurationPlatforms) = postSolution
		{38730538-F7B8-4352-8358-BE3ED0CAC4BB}.Debug|Any CPU.ActiveCfg = Debug|Any CPU
		{38730538-F7B8-4352-8358-BE3ED0CAC4BB}.Debug|Any CPU.Build.0 = Debug|Any CPU
		{38730538-F7B8-4352-8358-BE3ED0CAC4BB}.Release|Any CPU.ActiveCfg = Release|Any CPU
		{38730538-F7B8-4352-8358-BE3ED0CAC4BB}.Release|Any CPU.Build.0 = Release|Any CPU
		{DE8E9AAA-7A03-4BAB-A322-E4204689C39A}.Debug|Any CPU.ActiveCfg = Debug|Any CPU
		{DE8E9AAA-7A03-4BAB-A322-E4204689C39A}.Debug|Any CPU.Build.0 = Debug|Any CPU
		{DE8E9AAA-7A03-4BAB-A322-E4204689C39A}.Release|Any CPU.ActiveCfg = Release|Any CPU
		{DE8E9AAA-7A03-4BAB-A322-E4204689C39A}.Release|Any CPU.Build.0 = Release|Any CPU
	EndGlobalSection
	GlobalSection(SolutionProperties) = preSolution
		HideSolutionNode = FALSE
	EndGlobalSection
EndGlobal
