
Microsoft Visual Studio Solution File, Format Version 12.00
# Visual Studio 2013
VisualStudioVersion = 12.0.30723.0
MinimumVisualStudioVersion = 10.0.40219.1
Project("{FAE04EC0-301F-11D3-BF4B-00C04F79EFBC}") = "Arbel.ReSharper.ConfigureAwaitPlugin", "Arbel.ReSharper.ConfigureAwaitPlugin\Arbel.ReSharper.ConfigureAwaitPlugin.csproj", "{9B2D4ADE-CE97-4B50-AD23-42336F3EAF79}"
EndProject
Project("{FAE04EC0-301F-11D3-BF4B-00C04F79EFBC}") = "Arbel.ReSharper.ConfigureAwaitPlugin.Tests", "Arbel.ReSharper.ConfigureAwaitPlugin.Tests\Arbel.ReSharper.ConfigureAwaitPlugin.Tests.csproj", "{F864E87E-E89E-4C4A-8680-C32AA4B9B70D}"
EndProject
Global
	GlobalSection(SolutionConfigurationPlatforms) = preSolution
		Debug|Any CPU = Debug|Any CPU
		Release|Any CPU = Release|Any CPU
	EndGlobalSection
	GlobalSection(ProjectConfigurationPlatforms) = postSolution
		{9B2D4ADE-CE97-4B50-AD23-42336F3EAF79}.Debug|Any CPU.ActiveCfg = Debug|Any CPU
		{9B2D4ADE-CE97-4B50-AD23-42336F3EAF79}.Debug|Any CPU.Build.0 = Debug|Any CPU
		{9B2D4ADE-CE97-4B50-AD23-42336F3EAF79}.Release|Any CPU.ActiveCfg = Release|Any CPU
		{9B2D4ADE-CE97-4B50-AD23-42336F3EAF79}.Release|Any CPU.Build.0 = Release|Any CPU
		{F864E87E-E89E-4C4A-8680-C32AA4B9B70D}.Debug|Any CPU.ActiveCfg = Debug|Any CPU
		{F864E87E-E89E-4C4A-8680-C32AA4B9B70D}.Debug|Any CPU.Build.0 = Debug|Any CPU
		{F864E87E-E89E-4C4A-8680-C32AA4B9B70D}.Release|Any CPU.ActiveCfg = Release|Any CPU
		{F864E87E-E89E-4C4A-8680-C32AA4B9B70D}.Release|Any CPU.Build.0 = Release|Any CPU
	EndGlobalSection
	GlobalSection(SolutionProperties) = preSolution
		HideSolutionNode = FALSE
	EndGlobalSection
EndGlobal
